
Microsoft Visual Studio Solution File, Format Version 12.00
# Visual Studio Version 16
VisualStudioVersion = 16.0.31911.196
MinimumVisualStudioVersion = 10.0.40219.1
Project("{9A19103F-16F7-4668-BE54-9A1E7A4F7556}") = "Football_Mgmt", "Football_Mgmt.csproj", "{72E7107A-1E4F-4BED-BC49-46B0190AAD03}"
EndProject
Global
	GlobalSection(SolutionConfigurationPlatforms) = preSolution
		Debug|Any CPU = Debug|Any CPU
		Release|Any CPU = Release|Any CPU
	EndGlobalSection
	GlobalSection(ProjectConfigurationPlatforms) = postSolution
		{72E7107A-1E4F-4BED-BC49-46B0190AAD03}.Debug|Any CPU.ActiveCfg = Debug|Any CPU
		{72E7107A-1E4F-4BED-BC49-46B0190AAD03}.Debug|Any CPU.Build.0 = Debug|Any CPU
		{72E7107A-1E4F-4BED-BC49-46B0190AAD03}.Release|Any CPU.ActiveCfg = Release|Any CPU
		{72E7107A-1E4F-4BED-BC49-46B0190AAD03}.Release|Any CPU.Build.0 = Release|Any CPU
	EndGlobalSection
	GlobalSection(SolutionProperties) = preSolution
		HideSolutionNode = FALSE
	EndGlobalSection
	GlobalSection(ExtensibilityGlobals) = postSolution
		SolutionGuid = {E25F7221-B7BA-4EAE-A795-053854D9E20A}
	EndGlobalSection
EndGlobal
